
Microsoft Visual Studio Solution File, Format Version 12.00
# Visual Studio Version 17
VisualStudioVersion = 17.0.31903.59
MinimumVisualStudioVersion = 10.0.40219.1
Project("{2150E333-8FDC-42A3-9474-1A3956D46DE8}") = "src", "src", "{02EA681E-C7D8-13C7-8484-4AC65E1B71E8}"
EndProject
Project("{2150E333-8FDC-42A3-9474-1A3956D46DE8}") = "tests", "tests", "{378208EB-DA4E-4DFC-851A-356CFD3FA46D}"
EndProject
Project("{2150E333-8FDC-42A3-9474-1A3956D46DE8}") = "API", "API", "{0EDB3ED8-ECCC-4C50-9C93-563EEBB3BF31}"
EndProject
Project("{2150E333-8FDC-42A3-9474-1A3956D46DE8}") = "Core", "Core", "{F46B351B-5046-434F-A076-2ADF7B5783AC}"
EndProject
Project("{2150E333-8FDC-42A3-9474-1A3956D46DE8}") = "Infrastructure", "Infrastructure", "{1C42F58A-0351-402A-AEBA-5548B5E82D5C}"
EndProject
Project("{FAE04EC0-301F-11D3-BF4B-00C04F79EFBC}") = "VM.API", "VM.API\VM.API.csproj", "{8ABCA7C9-C959-491D-804E-6E66788E0D3E}"
EndProject
Project("{FAE04EC0-301F-11D3-BF4B-00C04F79EFBC}") = "VM.Application", "VM.Application\VM.Application.csproj", "{100606F4-2B69-4532-A8E2-C4A1E341AF06}"
EndProject
Project("{FAE04EC0-301F-11D3-BF4B-00C04F79EFBC}") = "VM.Domain", "VM.Domain\VM.Domain.csproj", "{61DF546D-07B2-41F6-BF50-F1BED73E7A5D}"
EndProject
Project("{FAE04EC0-301F-11D3-BF4B-00C04F79EFBC}") = "VM.Infrastructure", "VM.Infrastructure\VM.Infrastructure.csproj", "{C7D905C9-B03B-44A1-A47F-9FF167670666}"
EndProject
Project("{FAE04EC0-301F-11D3-BF4B-00C04F79EFBC}") = "VM.Presistence", "VM.Presistence\VM.Presistence.csproj", "{BA0B3C58-FC79-4FA1-B6FD-C9F0BEBEB775}"
EndProject
Global
	GlobalSection(SolutionConfigurationPlatforms) = preSolution
		Debug|Any CPU = Debug|Any CPU
		Release|Any CPU = Release|Any CPU
	EndGlobalSection
	GlobalSection(ProjectConfigurationPlatforms) = postSolution
		{8ABCA7C9-C959-491D-804E-6E66788E0D3E}.Debug|Any CPU.ActiveCfg = Debug|Any CPU
		{8ABCA7C9-C959-491D-804E-6E66788E0D3E}.Debug|Any CPU.Build.0 = Debug|Any CPU
		{8ABCA7C9-C959-491D-804E-6E66788E0D3E}.Release|Any CPU.ActiveCfg = Release|Any CPU
		{8ABCA7C9-C959-491D-804E-6E66788E0D3E}.Release|Any CPU.Build.0 = Release|Any CPU
		{100606F4-2B69-4532-A8E2-C4A1E341AF06}.Debug|Any CPU.ActiveCfg = Debug|Any CPU
		{100606F4-2B69-4532-A8E2-C4A1E341AF06}.Debug|Any CPU.Build.0 = Debug|Any CPU
		{100606F4-2B69-4532-A8E2-C4A1E341AF06}.Release|Any CPU.ActiveCfg = Release|Any CPU
		{100606F4-2B69-4532-A8E2-C4A1E341AF06}.Release|Any CPU.Build.0 = Release|Any CPU
		{61DF546D-07B2-41F6-BF50-F1BED73E7A5D}.Debug|Any CPU.ActiveCfg = Debug|Any CPU
		{61DF546D-07B2-41F6-BF50-F1BED73E7A5D}.Debug|Any CPU.Build.0 = Debug|Any CPU
		{61DF546D-07B2-41F6-BF50-F1BED73E7A5D}.Release|Any CPU.ActiveCfg = Release|Any CPU
		{61DF546D-07B2-41F6-BF50-F1BED73E7A5D}.Release|Any CPU.Build.0 = Release|Any CPU
		{C7D905C9-B03B-44A1-A47F-9FF167670666}.Debug|Any CPU.ActiveCfg = Debug|Any CPU
		{C7D905C9-B03B-44A1-A47F-9FF167670666}.Debug|Any CPU.Build.0 = Debug|Any CPU
		{C7D905C9-B03B-44A1-A47F-9FF167670666}.Release|Any CPU.ActiveCfg = Release|Any CPU
		{C7D905C9-B03B-44A1-A47F-9FF167670666}.Release|Any CPU.Build.0 = Release|Any CPU
		{BA0B3C58-FC79-4FA1-B6FD-C9F0BEBEB775}.Debug|Any CPU.ActiveCfg = Debug|Any CPU
		{BA0B3C58-FC79-4FA1-B6FD-C9F0BEBEB775}.Debug|Any CPU.Build.0 = Debug|Any CPU
		{BA0B3C58-FC79-4FA1-B6FD-C9F0BEBEB775}.Release|Any CPU.ActiveCfg = Release|Any CPU
		{BA0B3C58-FC79-4FA1-B6FD-C9F0BEBEB775}.Release|Any CPU.Build.0 = Release|Any CPU
	EndGlobalSection
	GlobalSection(SolutionProperties) = preSolution
		HideSolutionNode = FALSE
	EndGlobalSection
	GlobalSection(NestedProjects) = preSolution
		{0EDB3ED8-ECCC-4C50-9C93-563EEBB3BF31} = {02EA681E-C7D8-13C7-8484-4AC65E1B71E8}
		{F46B351B-5046-434F-A076-2ADF7B5783AC} = {02EA681E-C7D8-13C7-8484-4AC65E1B71E8}
		{1C42F58A-0351-402A-AEBA-5548B5E82D5C} = {02EA681E-C7D8-13C7-8484-4AC65E1B71E8}
		{8ABCA7C9-C959-491D-804E-6E66788E0D3E} = {0EDB3ED8-ECCC-4C50-9C93-563EEBB3BF31}
		{100606F4-2B69-4532-A8E2-C4A1E341AF06} = {F46B351B-5046-434F-A076-2ADF7B5783AC}
		{61DF546D-07B2-41F6-BF50-F1BED73E7A5D} = {F46B351B-5046-434F-A076-2ADF7B5783AC}
		{C7D905C9-B03B-44A1-A47F-9FF167670666} = {1C42F58A-0351-402A-AEBA-5548B5E82D5C}
		{BA0B3C58-FC79-4FA1-B6FD-C9F0BEBEB775} = {1C42F58A-0351-402A-AEBA-5548B5E82D5C}
	EndGlobalSection
	GlobalSection(ExtensibilityGlobals) = postSolution
		SolutionGuid = {BECF0D0A-F60C-43B7-8B85-903D2D213DA4}
	EndGlobalSection
EndGlobal
